// !$*UTF8*$!
{
	archiveVersion = 1;
	classes = {
	};
	objectVersion = 46;
	objects = {

/* Begin PBXBuildFile section */
		C80A56FF1A058CEE00E514D3 /* main.m in Sources */ = {isa = PBXBuildFile; fileRef = C80A56FE1A058CEE00E514D3 /* main.m */; };
		C80A57021A058CEF00E514D3 /* AppDelegate.m in Sources */ = {isa = PBXBuildFile; fileRef = C80A57011A058CEF00E514D3 /* AppDelegate.m */; };
		C80A57041A058CF100E514D3 /* art.scnassets in Resources */ = {isa = PBXBuildFile; fileRef = C80A57031A058CF100E514D3 /* art.scnassets */; };
		C80A57071A058CF100E514D3 /* GameViewController.m in Sources */ = {isa = PBXBuildFile; fileRef = C80A57061A058CF100E514D3 /* GameViewController.m */; };
		C80A570A1A058CF100E514D3 /* Main.storyboard in Resources */ = {isa = PBXBuildFile; fileRef = C80A57081A058CF100E514D3 /* Main.storyboard */; };
		C80A570C1A058CF100E514D3 /* Images.xcassets in Resources */ = {isa = PBXBuildFile; fileRef = C80A570B1A058CF100E514D3 /* Images.xcassets */; };
		C80A570F1A058CF100E514D3 /* LaunchScreen.xib in Resources */ = {isa = PBXBuildFile; fileRef = C80A570D1A058CF100E514D3 /* LaunchScreen.xib */; };
		C80A571B1A058CF100E514D3 /* iTapTests.m in Sources */ = {isa = PBXBuildFile; fileRef = C80A571A1A058CF100E514D3 /* iTapTests.m */; };
/* End PBXBuildFile section */

/* Begin PBXContainerItemProxy section */
		C80A57151A058CF100E514D3 /* PBXContainerItemProxy */ = {
			isa = PBXContainerItemProxy;
			containerPortal = C80A56F11A058CEC00E514D3 /* Project object */;
			proxyType = 1;
			remoteGlobalIDString = C80A56F81A058CED00E514D3;
			remoteInfo = iTap;
		};
/* End PBXContainerItemProxy section */

/* Begin PBXFileReference section */
		C80A56F91A058CED00E514D3 /* iTap.app */ = {isa = PBXFileReference; explicitFileType = wrapper.application; includeInIndex = 0; path = iTap.app; sourceTree = BUILT_PRODUCTS_DIR; };
		C80A56FD1A058CEE00E514D3 /* Info.plist */ = {isa = PBXFileReference; lastKnownFileType = text.plist.xml; path = Info.plist; sourceTree = "<group>"; };
		C80A56FE1A058CEE00E514D3 /* main.m */ = {isa = PBXFileReference; lastKnownFileType = sourcecode.c.objc; path = main.m; sourceTree = "<group>"; };
		C80A57001A058CEF00E514D3 /* AppDelegate.h */ = {isa = PBXFileReference; lastKnownFileType = sourcecode.c.h; path = AppDelegate.h; sourceTree = "<group>"; };
		C80A57011A058CEF00E514D3 /* AppDelegate.m */ = {isa = PBXFileReference; lastKnownFileType = sourcecode.c.objc; path = AppDelegate.m; sourceTree = "<group>"; };
		C80A57031A058CF100E514D3 /* art.scnassets */ = {isa = PBXFileReference; lastKnownFileType = wrapper.scnassets; path = art.scnassets; sourceTree = "<group>"; };
		C80A57051A058CF100E514D3 /* GameViewController.h */ = {isa = PBXFileReference; lastKnownFileType = sourcecode.c.h; path = GameViewController.h; sourceTree = "<group>"; };
		C80A57061A058CF100E514D3 /* GameViewController.m */ = {isa = PBXFileReference; lastKnownFileType = sourcecode.c.objc; path = GameViewController.m; sourceTree = "<group>"; };
		C80A57091A058CF100E514D3 /* Base */ = {isa = PBXFileReference; lastKnownFileType = file.storyboard; name = Base; path = Base.lproj/Main.storyboard; sourceTree = "<group>"; };
		C80A570B1A058CF100E514D3 /* Images.xcassets */ = {isa = PBXFileReference; lastKnownFileType = folder.assetcatalog; path = Images.xcassets; sourceTree = "<group>"; };
		C80A570E1A058CF100E514D3 /* Base */ = {isa = PBXFileReference; lastKnownFileType = file.xib; name = Base; path = Base.lproj/LaunchScreen.xib; sourceTree = "<group>"; };
		C80A57141A058CF100E514D3 /* iTapTests.xctest */ = {isa = PBXFileReference; explicitFileType = wrapper.cfbundle; includeInIndex = 0; path = iTapTests.xctest; sourceTree = BUILT_PRODUCTS_DIR; };
		C80A57191A058CF100E514D3 /* Info.plist */ = {isa = PBXFileReference; lastKnownFileType = text.plist.xml; path = Info.plist; sourceTree = "<group>"; };
		C80A571A1A058CF100E514D3 /* iTapTests.m */ = {isa = PBXFileReference; lastKnownFileType = sourcecode.c.objc; path = iTapTests.m; sourceTree = "<group>"; };
/* End PBXFileReference section */

/* Begin PBXFrameworksBuildPhase section */
		C80A56F61A058CED00E514D3 /* Frameworks */ = {
			isa = PBXFrameworksBuildPhase;
			buildActionMask = 2147483647;
			files = (
			);
			runOnlyForDeploymentPostprocessing = 0;
		};
		C80A57111A058CF100E514D3 /* Frameworks */ = {
			isa = PBXFrameworksBuildPhase;
			buildActionMask = 2147483647;
			files = (
			);
			runOnlyForDeploymentPostprocessing = 0;
		};
/* End PBXFrameworksBuildPhase section */

/* Begin PBXGroup section */
		C80A56F01A058CEC00E514D3 = {
			isa = PBXGroup;
			children = (
				C80A56FB1A058CEE00E514D3 /* iTap */,
				C80A57171A058CF100E514D3 /* iTapTests */,
				C80A56FA1A058CED00E514D3 /* Products */,
			);
			sourceTree = "<group>";
		};
		C80A56FA1A058CED00E514D3 /* Products */ = {
			isa = PBXGroup;
			children = (
				C80A56F91A058CED00E514D3 /* iTap.app */,
				C80A57141A058CF100E514D3 /* iTapTests.xctest */,
			);
			name = Products;
			sourceTree = "<group>";
		};
		C80A56FB1A058CEE00E514D3 /* iTap */ = {
			isa = PBXGroup;
			children = (
				C80A57001A058CEF00E514D3 /* AppDelegate.h */,
				C80A57011A058CEF00E514D3 /* AppDelegate.m */,
				C80A57031A058CF100E514D3 /* art.scnassets */,
				C80A57051A058CF100E514D3 /* GameViewController.h */,
				C80A57061A058CF100E514D3 /* GameViewController.m */,
				C80A57081A058CF100E514D3 /* Main.storyboard */,
				C80A570B1A058CF100E514D3 /* Images.xcassets */,
				C80A570D1A058CF100E514D3 /* LaunchScreen.xib */,
				C80A56FC1A058CEE00E514D3 /* Supporting Files */,
			);
			path = iTap;
			sourceTree = "<group>";
		};
		C80A56FC1A058CEE00E514D3 /* Supporting Files */ = {
			isa = PBXGroup;
			children = (
				C80A56FD1A058CEE00E514D3 /* Info.plist */,
				C80A56FE1A058CEE00E514D3 /* main.m */,
			);
			name = "Supporting Files";
			sourceTree = "<group>";
		};
		C80A57171A058CF100E514D3 /* iTapTests */ = {
			isa = PBXGroup;
			children = (
				C80A571A1A058CF100E514D3 /* iTapTests.m */,
				C80A57181A058CF100E514D3 /* Supporting Files */,
			);
			path = iTapTests;
			sourceTree = "<group>";
		};
		C80A57181A058CF100E514D3 /* Supporting Files */ = {
			isa = PBXGroup;
			children = (
				C80A57191A058CF100E514D3 /* Info.plist */,
			);
			name = "Supporting Files";
			sourceTree = "<group>";
		};
/* End PBXGroup section */

/* Begin PBXNativeTarget section */
		C80A56F81A058CED00E514D3 /* iTap */ = {
			isa = PBXNativeTarget;
			buildConfigurationList = C80A571E1A058CF100E514D3 /* Build configuration list for PBXNativeTarget "iTap" */;
			buildPhases = (
				C80A56F51A058CED00E514D3 /* Sources */,
				C80A56F61A058CED00E514D3 /* Frameworks */,
				C80A56F71A058CED00E514D3 /* Resources */,
			);
			buildRules = (
			);
			dependencies = (
			);
			name = iTap;
			productName = iTap;
			productReference = C80A56F91A058CED00E514D3 /* iTap.app */;
			productType = "com.apple.product-type.application";
		};
		C80A57131A058CF100E514D3 /* iTapTests */ = {
			isa = PBXNativeTarget;
			buildConfigurationList = C80A57211A058CF100E514D3 /* Build configuration list for PBXNativeTarget "iTapTests" */;
			buildPhases = (
				C80A57101A058CF100E514D3 /* Sources */,
				C80A57111A058CF100E514D3 /* Frameworks */,
				C80A57121A058CF100E514D3 /* Resources */,
			);
			buildRules = (
			);
			dependencies = (
				C80A57161A058CF100E514D3 /* PBXTargetDependency */,
			);
			name = iTapTests;
			productName = iTapTests;
			productReference = C80A57141A058CF100E514D3 /* iTapTests.xctest */;
			productType = "com.apple.product-type.bundle.unit-test";
		};
/* End PBXNativeTarget section */

/* Begin PBXProject section */
		C80A56F11A058CEC00E514D3 /* Project object */ = {
			isa = PBXProject;
			attributes = {
				LastUpgradeCheck = 0610;
				ORGANIZATIONNAME = "KJJ Inc.";
				TargetAttributes = {
					C80A56F81A058CED00E514D3 = {
						CreatedOnToolsVersion = 6.1;
					};
					C80A57131A058CF100E514D3 = {
						CreatedOnToolsVersion = 6.1;
						TestTargetID = C80A56F81A058CED00E514D3;
					};
				};
			};
			buildConfigurationList = C80A56F41A058CED00E514D3 /* Build configuration list for PBXProject "iTap" */;
			compatibilityVersion = "Xcode 3.2";
			developmentRegion = English;
			hasScannedForEncodings = 0;
			knownRegions = (
				en,
				Base,
			);
			mainGroup = C80A56F01A058CEC00E514D3;
			productRefGroup = C80A56FA1A058CED00E514D3 /* Products */;
			projectDirPath = "";
			projectRoot = "";
			targets = (
				C80A56F81A058CED00E514D3 /* iTap */,
				C80A57131A058CF100E514D3 /* iTapTests */,
			);
		};
/* End PBXProject section */

/* Begin PBXResourcesBuildPhase section */
		C80A56F71A058CED00E514D3 /* Resources */ = {
			isa = PBXResourcesBuildPhase;
			buildActionMask = 2147483647;
			files = (
				C80A570F1A058CF100E514D3 /* LaunchScreen.xib in Resources */,
				C80A570C1A058CF100E514D3 /* Images.xcassets in Resources */,
				C80A57041A058CF100E514D3 /* art.scnassets in Resources */,
				C80A570A1A058CF100E514D3 /* Main.storyboard in Resources */,
			);
			runOnlyForDeploymentPostprocessing = 0;
		};
		C80A57121A058CF100E514D3 /* Resources */ = {
			isa = PBXResourcesBuildPhase;
			buildActionMask = 2147483647;
			files = (
			);
			runOnlyForDeploymentPostprocessing = 0;
		};
/* End PBXResourcesBuildPhase section */

/* Begin PBXSourcesBuildPhase section */
		C80A56F51A058CED00E514D3 /* Sources */ = {
			isa = PBXSourcesBuildPhase;
			buildActionMask = 2147483647;
			files = (
				C80A57021A058CEF00E514D3 /* AppDelegate.m in Sources */,
				C80A57071A058CF100E514D3 /* GameViewController.m in Sources */,
				C80A56FF1A058CEE00E514D3 /* main.m in Sources */,
			);
			runOnlyForDeploymentPostprocessing = 0;
		};
		C80A57101A058CF100E514D3 /* Sources */ = {
			isa = PBXSourcesBuildPhase;
			buildActionMask = 2147483647;
			files = (
				C80A571B1A058CF100E514D3 /* iTapTests.m in Sources */,
			);
			runOnlyForDeploymentPostprocessing = 0;
		};
/* End PBXSourcesBuildPhase section */

/* Begin PBXTargetDependency section */
		C80A57161A058CF100E514D3 /* PBXTargetDependency */ = {
			isa = PBXTargetDependency;
			target = C80A56F81A058CED00E514D3 /* iTap */;
			targetProxy = C80A57151A058CF100E514D3 /* PBXContainerItemProxy */;
		};
/* End PBXTargetDependency section */

/* Begin PBXVariantGroup section */
		C80A57081A058CF100E514D3 /* Main.storyboard */ = {
			isa = PBXVariantGroup;
			children = (
				C80A57091A058CF100E514D3 /* Base */,
			);
			name = Main.storyboard;
			sourceTree = "<group>";
		};
		C80A570D1A058CF100E514D3 /* LaunchScreen.xib */ = {
			isa = PBXVariantGroup;
			children = (
				C80A570E1A058CF100E514D3 /* Base */,
			);
			name = LaunchScreen.xib;
			sourceTree = "<group>";
		};
/* End PBXVariantGroup section */

/* Begin XCBuildConfiguration section */
		C80A571C1A058CF100E514D3 /* Debug */ = {
			isa = XCBuildConfiguration;
			buildSettings = {
				ALWAYS_SEARCH_USER_PATHS = NO;
				CLANG_CXX_LANGUAGE_STANDARD = "gnu++0x";
				CLANG_CXX_LIBRARY = "libc++";
				CLANG_ENABLE_MODULES = YES;
				CLANG_ENABLE_OBJC_ARC = YES;
				CLANG_WARN_BOOL_CONVERSION = YES;
				CLANG_WARN_CONSTANT_CONVERSION = YES;
				CLANG_WARN_DIRECT_OBJC_ISA_USAGE = YES_ERROR;
				CLANG_WARN_EMPTY_BODY = YES;
				CLANG_WARN_ENUM_CONVERSION = YES;
				CLANG_WARN_INT_CONVERSION = YES;
				CLANG_WARN_OBJC_ROOT_CLASS = YES_ERROR;
				CLANG_WARN_UNREACHABLE_CODE = YES;
				CLANG_WARN__DUPLICATE_METHOD_MATCH = YES;
				"CODE_SIGN_IDENTITY[sdk=iphoneos*]" = "iPhone Developer";
				COPY_PHASE_STRIP = NO;
				ENABLE_STRICT_OBJC_MSGSEND = YES;
				GCC_C_LANGUAGE_STANDARD = gnu99;
				GCC_DYNAMIC_NO_PIC = NO;
				GCC_OPTIMIZATION_LEVEL = 0;
				GCC_PREPROCESSOR_DEFINITIONS = (
					"DEBUG=1",
					"$(inherited)",
				);
				GCC_SYMBOLS_PRIVATE_EXTERN = NO;
				GCC_WARN_64_TO_32_BIT_CONVERSION = YES;
				GCC_WARN_ABOUT_RETURN_TYPE = YES_ERROR;
				GCC_WARN_UNDECLARED_SELECTOR = YES;
				GCC_WARN_UNINITIALIZED_AUTOS = YES_AGGRESSIVE;
				GCC_WARN_UNUSED_FUNCTION = YES;
				GCC_WARN_UNUSED_VARIABLE = YES;
				IPHONEOS_DEPLOYMENT_TARGET = 8.1;
				MTL_ENABLE_DEBUG_INFO = YES;
				ONLY_ACTIVE_ARCH = YES;
				SDKROOT = iphoneos;
				TARGETED_DEVICE_FAMILY = "1,2";
			};
			name = Debug;
		};
		C80A571D1A058CF100E514D3 /* Release */ = {
			isa = XCBuildConfiguration;
			buildSettings = {
				ALWAYS_SEARCH_USER_PATHS = NO;
				CLANG_CXX_LANGUAGE_STANDARD = "gnu++0x";
				CLANG_CXX_LIBRARY = "libc++";
				CLANG_ENABLE_MODULES = YES;
				CLANG_ENABLE_OBJC_ARC = YES;
				CLANG_WARN_BOOL_CONVERSION = YES;
				CLANG_WARN_CONSTANT_CONVERSION = YES;
				CLANG_WARN_DIRECT_OBJC_ISA_USAGE = YES_ERROR;
				CLANG_WARN_EMPTY_BODY = YES;
				CLANG_WARN_ENUM_CONVERSION = YES;
				CLANG_WARN_INT_CONVERSION = YES;
				CLANG_WARN_OBJC_ROOT_CLASS = YES_ERROR;
				CLANG_WARN_UNREACHABLE_CODE = YES;
				CLANG_WARN__DUPLICATE_METHOD_MATCH = YES;
				"CODE_SIGN_IDENTITY[sdk=iphoneos*]" = "iPhone Developer";
				COPY_PHASE_STRIP = YES;
				ENABLE_NS_ASSERTIONS = NO;
				ENABLE_STRICT_OBJC_MSGSEND = YES;
				GCC_C_LANGUAGE_STANDARD = gnu99;
				GCC_WARN_64_TO_32_BIT_CONVERSION = YES;
				GCC_WARN_ABOUT_RETURN_TYPE = YES_ERROR;
				GCC_WARN_UNDECLARED_SELECTOR = YES;
				GCC_WARN_UNINITIALIZED_AUTOS = YES_AGGRESSIVE;
				GCC_WARN_UNUSED_FUNCTION = YES;
				GCC_WARN_UNUSED_VARIABLE = YES;
				IPHONEOS_DEPLOYMENT_TARGET = 8.1;
				MTL_ENABLE_DEBUG_INFO = NO;
				SDKROOT = iphoneos;
				TARGETED_DEVICE_FAMILY = "1,2";
				VALIDATE_PRODUCT = YES;
			};
			name = Release;
		};
		C80A571F1A058CF100E514D3 /* Debug */ = {
			isa = XCBuildConfiguration;
			buildSettings = {
				ASSETCATALOG_COMPILER_APPICON_NAME = AppIcon;
				INFOPLIST_FILE = iTap/Info.plist;
				LD_RUNPATH_SEARCH_PATHS = "$(inherited) @executable_path/Frameworks";
				PRODUCT_NAME = "$(TARGET_NAME)";
			};
			name = Debug;
		};
		C80A57201A058CF100E514D3 /* Release */ = {
			isa = XCBuildConfiguration;
			buildSettings = {
				ASSETCATALOG_COMPILER_APPICON_NAME = AppIcon;
				INFOPLIST_FILE = iTap/Info.plist;
				LD_RUNPATH_SEARCH_PATHS = "$(inherited) @executable_path/Frameworks";
				PRODUCT_NAME = "$(TARGET_NAME)";
			};
			name = Release;
		};
		C80A57221A058CF100E514D3 /* Debug */ = {
			isa = XCBuildConfiguration;
			buildSettings = {
				BUNDLE_LOADER = "$(TEST_HOST)";
				FRAMEWORK_SEARCH_PATHS = (
					"$(SDKROOT)/Developer/Library/Frameworks",
					"$(inherited)",
				);
				GCC_PREPROCESSOR_DEFINITIONS = (
					"DEBUG=1",
					"$(inherited)",
				);
				INFOPLIST_FILE = iTapTests/Info.plist;
				LD_RUNPATH_SEARCH_PATHS = "$(inherited) @executable_path/Frameworks @loader_path/Frameworks";
				PRODUCT_NAME = "$(TARGET_NAME)";
				TEST_HOST = "$(BUILT_PRODUCTS_DIR)/iTap.app/iTap";
			};
			name = Debug;
		};
		C80A57231A058CF100E514D3 /* Release */ = {
			isa = XCBuildConfiguration;
			buildSettings = {
				BUNDLE_LOADER = "$(TEST_HOST)";
				FRAMEWORK_SEARCH_PATHS = (
					"$(SDKROOT)/Developer/Library/Frameworks",
					"$(inherited)",
				);
				INFOPLIST_FILE = iTapTests/Info.plist;
				LD_RUNPATH_SEARCH_PATHS = "$(inherited) @executable_path/Frameworks @loader_path/Frameworks";
				PRODUCT_NAME = "$(TARGET_NAME)";
				TEST_HOST = "$(BUILT_PRODUCTS_DIR)/iTap.app/iTap";
			};
			name = Release;
		};
/* End XCBuildConfiguration section */

/* Begin XCConfigurationList section */
		C80A56F41A058CED00E514D3 /* Build configuration list for PBXProject "iTap" */ = {
			isa = XCConfigurationList;
			buildConfigurations = (
				C80A571C1A058CF100E514D3 /* Debug */,
				C80A571D1A058CF100E514D3 /* Release */,
			);
			defaultConfigurationIsVisible = 0;
			defaultConfigurationName = Release;
		};
		C80A571E1A058CF100E514D3 /* Build configuration list for PBXNativeTarget "iTap" */ = {
			isa = XCConfigurationList;
			buildConfigurations = (
				C80A571F1A058CF100E514D3 /* Debug */,
				C80A57201A058CF100E514D3 /* Release */,
			);
			defaultConfigurationIsVisible = 0;
		};
		C80A57211A058CF100E514D3 /* Build configuration list for PBXNativeTarget "iTapTests" */ = {
			isa = XCConfigurationList;
			buildConfigurations = (
				C80A57221A058CF100E514D3 /* Debug */,
				C80A57231A058CF100E514D3 /* Release */,
			);
			defaultConfigurationIsVisible = 0;
		};
/* End XCConfigurationList section */
	};
	rootObject = C80A56F11A058CEC00E514D3 /* Project object */;
}
