// !$*UTF8*$!
{
	archiveVersion = 1;
	classes = {
	};
	objectVersion = 46;
	objects = {

/* Begin PBXBuildFile section */
		710E2F0E1A1F14E100EE3CC8 /* BombModel.m in Sources */ = {isa = PBXBuildFile; fileRef = 710E2F0D1A1F14E100EE3CC8 /* BombModel.m */; };
		863B6D6F1A1F18E300B44AC5 /* TabView.m in Sources */ = {isa = PBXBuildFile; fileRef = 863B6D6E1A1F18E300B44AC5 /* TabView.m */; };
		C83F467F1A0EF27200897EB3 /* main.m in Sources */ = {isa = PBXBuildFile; fileRef = C83F467E1A0EF27200897EB3 /* main.m */; };
		C83F46821A0EF27200897EB3 /* AppDelegate.m in Sources */ = {isa = PBXBuildFile; fileRef = C83F46811A0EF27200897EB3 /* AppDelegate.m */; };
		C83F46851A0EF27200897EB3 /* ViewController.m in Sources */ = {isa = PBXBuildFile; fileRef = C83F46841A0EF27200897EB3 /* ViewController.m */; };
		C83F46881A0EF27200897EB3 /* Main.storyboard in Resources */ = {isa = PBXBuildFile; fileRef = C83F46861A0EF27200897EB3 /* Main.storyboard */; };
		C83F468A1A0EF27200897EB3 /* Images.xcassets in Resources */ = {isa = PBXBuildFile; fileRef = C83F46891A0EF27200897EB3 /* Images.xcassets */; };
		C83F468D1A0EF27200897EB3 /* LaunchScreen.xib in Resources */ = {isa = PBXBuildFile; fileRef = C83F468B1A0EF27200897EB3 /* LaunchScreen.xib */; };
		C83F46991A0EF27200897EB3 /* iTapTests.m in Sources */ = {isa = PBXBuildFile; fileRef = C83F46981A0EF27200897EB3 /* iTapTests.m */; };
		C83F46A41A0EF35F00897EB3 /* GameModel.m in Sources */ = {isa = PBXBuildFile; fileRef = C83F46A31A0EF35F00897EB3 /* GameModel.m */; };
		C83F46A71A0EF37000897EB3 /* UserModel.m in Sources */ = {isa = PBXBuildFile; fileRef = C83F46A61A0EF37000897EB3 /* UserModel.m */; };
		C83F46AA1A0EF3F200897EB3 /* GameController.m in Sources */ = {isa = PBXBuildFile; fileRef = C83F46A91A0EF3F200897EB3 /* GameController.m */; };
/* End PBXBuildFile section */

/* Begin PBXContainerItemProxy section */
		C83F46931A0EF27200897EB3 /* PBXContainerItemProxy */ = {
			isa = PBXContainerItemProxy;
			containerPortal = C83F46711A0EF27200897EB3 /* Project object */;
			proxyType = 1;
			remoteGlobalIDString = C83F46781A0EF27200897EB3;
			remoteInfo = iTap;
		};
/* End PBXContainerItemProxy section */

/* Begin PBXFileReference section */
		710E2F0C1A1F14E100EE3CC8 /* BombModel.h */ = {isa = PBXFileReference; fileEncoding = 4; lastKnownFileType = sourcecode.c.h; path = BombModel.h; sourceTree = "<group>"; };
		710E2F0D1A1F14E100EE3CC8 /* BombModel.m */ = {isa = PBXFileReference; fileEncoding = 4; lastKnownFileType = sourcecode.c.objc; path = BombModel.m; sourceTree = "<group>"; };
		863B6D6D1A1F18E300B44AC5 /* TabView.h */ = {isa = PBXFileReference; fileEncoding = 4; lastKnownFileType = sourcecode.c.h; path = TabView.h; sourceTree = "<group>"; };
		863B6D6E1A1F18E300B44AC5 /* TabView.m */ = {isa = PBXFileReference; fileEncoding = 4; lastKnownFileType = sourcecode.c.objc; path = TabView.m; sourceTree = "<group>"; };
		C83F46791A0EF27200897EB3 /* iTap.app */ = {isa = PBXFileReference; explicitFileType = wrapper.application; includeInIndex = 0; path = iTap.app; sourceTree = BUILT_PRODUCTS_DIR; };
		C83F467D1A0EF27200897EB3 /* Info.plist */ = {isa = PBXFileReference; lastKnownFileType = text.plist.xml; path = Info.plist; sourceTree = "<group>"; };
		C83F467E1A0EF27200897EB3 /* main.m */ = {isa = PBXFileReference; lastKnownFileType = sourcecode.c.objc; path = main.m; sourceTree = "<group>"; };
		C83F46801A0EF27200897EB3 /* AppDelegate.h */ = {isa = PBXFileReference; lastKnownFileType = sourcecode.c.h; path = AppDelegate.h; sourceTree = "<group>"; };
		C83F46811A0EF27200897EB3 /* AppDelegate.m */ = {isa = PBXFileReference; lastKnownFileType = sourcecode.c.objc; path = AppDelegate.m; sourceTree = "<group>"; };
		C83F46831A0EF27200897EB3 /* ViewController.h */ = {isa = PBXFileReference; lastKnownFileType = sourcecode.c.h; path = ViewController.h; sourceTree = "<group>"; };
		C83F46841A0EF27200897EB3 /* ViewController.m */ = {isa = PBXFileReference; lastKnownFileType = sourcecode.c.objc; path = ViewController.m; sourceTree = "<group>"; };
		C83F46871A0EF27200897EB3 /* Base */ = {isa = PBXFileReference; lastKnownFileType = file.storyboard; name = Base; path = Base.lproj/Main.storyboard; sourceTree = "<group>"; };
		C83F46891A0EF27200897EB3 /* Images.xcassets */ = {isa = PBXFileReference; lastKnownFileType = folder.assetcatalog; path = Images.xcassets; sourceTree = "<group>"; };
		C83F468C1A0EF27200897EB3 /* Base */ = {isa = PBXFileReference; lastKnownFileType = file.xib; name = Base; path = Base.lproj/LaunchScreen.xib; sourceTree = "<group>"; };
		C83F46921A0EF27200897EB3 /* iTapTests.xctest */ = {isa = PBXFileReference; explicitFileType = wrapper.cfbundle; includeInIndex = 0; path = iTapTests.xctest; sourceTree = BUILT_PRODUCTS_DIR; };
		C83F46971A0EF27200897EB3 /* Info.plist */ = {isa = PBXFileReference; lastKnownFileType = text.plist.xml; path = Info.plist; sourceTree = "<group>"; };
		C83F46981A0EF27200897EB3 /* iTapTests.m */ = {isa = PBXFileReference; lastKnownFileType = sourcecode.c.objc; path = iTapTests.m; sourceTree = "<group>"; };
		C83F46A21A0EF35F00897EB3 /* GameModel.h */ = {isa = PBXFileReference; fileEncoding = 4; lastKnownFileType = sourcecode.c.h; path = GameModel.h; sourceTree = "<group>"; };
		C83F46A31A0EF35F00897EB3 /* GameModel.m */ = {isa = PBXFileReference; fileEncoding = 4; lastKnownFileType = sourcecode.c.objc; path = GameModel.m; sourceTree = "<group>"; };
		C83F46A51A0EF37000897EB3 /* UserModel.h */ = {isa = PBXFileReference; fileEncoding = 4; lastKnownFileType = sourcecode.c.h; path = UserModel.h; sourceTree = "<group>"; };
		C83F46A61A0EF37000897EB3 /* UserModel.m */ = {isa = PBXFileReference; fileEncoding = 4; lastKnownFileType = sourcecode.c.objc; path = UserModel.m; sourceTree = "<group>"; };
		C83F46A81A0EF3F200897EB3 /* GameController.h */ = {isa = PBXFileReference; fileEncoding = 4; lastKnownFileType = sourcecode.c.h; path = GameController.h; sourceTree = "<group>"; };
		C83F46A91A0EF3F200897EB3 /* GameController.m */ = {isa = PBXFileReference; fileEncoding = 4; lastKnownFileType = sourcecode.c.objc; path = GameController.m; sourceTree = "<group>"; };
/* End PBXFileReference section */

/* Begin PBXFrameworksBuildPhase section */
		C83F46761A0EF27200897EB3 /* Frameworks */ = {
			isa = PBXFrameworksBuildPhase;
			buildActionMask = 2147483647;
			files = (
			);
			runOnlyForDeploymentPostprocessing = 0;
		};
		C83F468F1A0EF27200897EB3 /* Frameworks */ = {
			isa = PBXFrameworksBuildPhase;
			buildActionMask = 2147483647;
			files = (
			);
			runOnlyForDeploymentPostprocessing = 0;
		};
/* End PBXFrameworksBuildPhase section */

/* Begin PBXGroup section */
		C83F46701A0EF27200897EB3 = {
			isa = PBXGroup;
			children = (
				C83F467B1A0EF27200897EB3 /* iTap */,
				C83F46951A0EF27200897EB3 /* iTapTests */,
				C83F467A1A0EF27200897EB3 /* Products */,
			);
			sourceTree = "<group>";
		};
		C83F467A1A0EF27200897EB3 /* Products */ = {
			isa = PBXGroup;
			children = (
				C83F46791A0EF27200897EB3 /* iTap.app */,
				C83F46921A0EF27200897EB3 /* iTapTests.xctest */,
			);
			name = Products;
			sourceTree = "<group>";
		};
		C83F467B1A0EF27200897EB3 /* iTap */ = {
			isa = PBXGroup;
			children = (
				863B6D6D1A1F18E300B44AC5 /* TabView.h */,
				863B6D6E1A1F18E300B44AC5 /* TabView.m */,
				710E2F0C1A1F14E100EE3CC8 /* BombModel.h */,
				710E2F0D1A1F14E100EE3CC8 /* BombModel.m */,
				C83F46801A0EF27200897EB3 /* AppDelegate.h */,
				C83F46811A0EF27200897EB3 /* AppDelegate.m */,
				C83F46831A0EF27200897EB3 /* ViewController.h */,
				C83F46841A0EF27200897EB3 /* ViewController.m */,
				C83F46A81A0EF3F200897EB3 /* GameController.h */,
				C83F46A91A0EF3F200897EB3 /* GameController.m */,
				C83F46A21A0EF35F00897EB3 /* GameModel.h */,
				C83F46A31A0EF35F00897EB3 /* GameModel.m */,
				C83F46A51A0EF37000897EB3 /* UserModel.h */,
				C83F46A61A0EF37000897EB3 /* UserModel.m */,
				C83F46861A0EF27200897EB3 /* Main.storyboard */,
				C83F46891A0EF27200897EB3 /* Images.xcassets */,
				C83F468B1A0EF27200897EB3 /* LaunchScreen.xib */,
				C83F467C1A0EF27200897EB3 /* Supporting Files */,
			);
			path = iTap;
			sourceTree = "<group>";
		};
		C83F467C1A0EF27200897EB3 /* Supporting Files */ = {
			isa = PBXGroup;
			children = (
				C83F467D1A0EF27200897EB3 /* Info.plist */,
				C83F467E1A0EF27200897EB3 /* main.m */,
			);
			name = "Supporting Files";
			sourceTree = "<group>";
		};
		C83F46951A0EF27200897EB3 /* iTapTests */ = {
			isa = PBXGroup;
			children = (
				C83F46981A0EF27200897EB3 /* iTapTests.m */,
				C83F46961A0EF27200897EB3 /* Supporting Files */,
			);
			path = iTapTests;
			sourceTree = "<group>";
		};
		C83F46961A0EF27200897EB3 /* Supporting Files */ = {
			isa = PBXGroup;
			children = (
				C83F46971A0EF27200897EB3 /* Info.plist */,
			);
			name = "Supporting Files";
			sourceTree = "<group>";
		};
/* End PBXGroup section */

/* Begin PBXNativeTarget section */
		C83F46781A0EF27200897EB3 /* iTap */ = {
			isa = PBXNativeTarget;
			buildConfigurationList = C83F469C1A0EF27200897EB3 /* Build configuration list for PBXNativeTarget "iTap" */;
			buildPhases = (
				C83F46751A0EF27200897EB3 /* Sources */,
				C83F46761A0EF27200897EB3 /* Frameworks */,
				C83F46771A0EF27200897EB3 /* Resources */,
			);
			buildRules = (
			);
			dependencies = (
			);
			name = iTap;
			productName = iTap;
			productReference = C83F46791A0EF27200897EB3 /* iTap.app */;
			productType = "com.apple.product-type.application";
		};
		C83F46911A0EF27200897EB3 /* iTapTests */ = {
			isa = PBXNativeTarget;
			buildConfigurationList = C83F469F1A0EF27200897EB3 /* Build configuration list for PBXNativeTarget "iTapTests" */;
			buildPhases = (
				C83F468E1A0EF27200897EB3 /* Sources */,
				C83F468F1A0EF27200897EB3 /* Frameworks */,
				C83F46901A0EF27200897EB3 /* Resources */,
			);
			buildRules = (
			);
			dependencies = (
				C83F46941A0EF27200897EB3 /* PBXTargetDependency */,
			);
			name = iTapTests;
			productName = iTapTests;
			productReference = C83F46921A0EF27200897EB3 /* iTapTests.xctest */;
			productType = "com.apple.product-type.bundle.unit-test";
		};
/* End PBXNativeTarget section */

/* Begin PBXProject section */
		C83F46711A0EF27200897EB3 /* Project object */ = {
			isa = PBXProject;
			attributes = {
				LastUpgradeCheck = 0610;
				ORGANIZATIONNAME = "KJJ Inc.";
				TargetAttributes = {
					C83F46781A0EF27200897EB3 = {
						CreatedOnToolsVersion = 6.1;
					};
					C83F46911A0EF27200897EB3 = {
						CreatedOnToolsVersion = 6.1;
						TestTargetID = C83F46781A0EF27200897EB3;
					};
				};
			};
			buildConfigurationList = C83F46741A0EF27200897EB3 /* Build configuration list for PBXProject "iTap" */;
			compatibilityVersion = "Xcode 3.2";
			developmentRegion = English;
			hasScannedForEncodings = 0;
			knownRegions = (
				en,
				Base,
			);
			mainGroup = C83F46701A0EF27200897EB3;
			productRefGroup = C83F467A1A0EF27200897EB3 /* Products */;
			projectDirPath = "";
			projectRoot = "";
			targets = (
				C83F46781A0EF27200897EB3 /* iTap */,
				C83F46911A0EF27200897EB3 /* iTapTests */,
			);
		};
/* End PBXProject section */

/* Begin PBXResourcesBuildPhase section */
		C83F46771A0EF27200897EB3 /* Resources */ = {
			isa = PBXResourcesBuildPhase;
			buildActionMask = 2147483647;
			files = (
				C83F46881A0EF27200897EB3 /* Main.storyboard in Resources */,
				C83F468D1A0EF27200897EB3 /* LaunchScreen.xib in Resources */,
				C83F468A1A0EF27200897EB3 /* Images.xcassets in Resources */,
			);
			runOnlyForDeploymentPostprocessing = 0;
		};
		C83F46901A0EF27200897EB3 /* Resources */ = {
			isa = PBXResourcesBuildPhase;
			buildActionMask = 2147483647;
			files = (
			);
			runOnlyForDeploymentPostprocessing = 0;
		};
/* End PBXResourcesBuildPhase section */

/* Begin PBXSourcesBuildPhase section */
		C83F46751A0EF27200897EB3 /* Sources */ = {
			isa = PBXSourcesBuildPhase;
			buildActionMask = 2147483647;
			files = (
				C83F46851A0EF27200897EB3 /* ViewController.m in Sources */,
				C83F46A71A0EF37000897EB3 /* UserModel.m in Sources */,
				C83F46A41A0EF35F00897EB3 /* GameModel.m in Sources */,
				C83F46AA1A0EF3F200897EB3 /* GameController.m in Sources */,
				C83F46821A0EF27200897EB3 /* AppDelegate.m in Sources */,
				C83F467F1A0EF27200897EB3 /* main.m in Sources */,
				863B6D6F1A1F18E300B44AC5 /* TabView.m in Sources */,
				710E2F0E1A1F14E100EE3CC8 /* BombModel.m in Sources */,
			);
			runOnlyForDeploymentPostprocessing = 0;
		};
		C83F468E1A0EF27200897EB3 /* Sources */ = {
			isa = PBXSourcesBuildPhase;
			buildActionMask = 2147483647;
			files = (
				C83F46991A0EF27200897EB3 /* iTapTests.m in Sources */,
			);
			runOnlyForDeploymentPostprocessing = 0;
		};
/* End PBXSourcesBuildPhase section */

/* Begin PBXTargetDependency section */
		C83F46941A0EF27200897EB3 /* PBXTargetDependency */ = {
			isa = PBXTargetDependency;
			target = C83F46781A0EF27200897EB3 /* iTap */;
			targetProxy = C83F46931A0EF27200897EB3 /* PBXContainerItemProxy */;
		};
/* End PBXTargetDependency section */

/* Begin PBXVariantGroup section */
		C83F46861A0EF27200897EB3 /* Main.storyboard */ = {
			isa = PBXVariantGroup;
			children = (
				C83F46871A0EF27200897EB3 /* Base */,
			);
			name = Main.storyboard;
			sourceTree = "<group>";
		};
		C83F468B1A0EF27200897EB3 /* LaunchScreen.xib */ = {
			isa = PBXVariantGroup;
			children = (
				C83F468C1A0EF27200897EB3 /* Base */,
			);
			name = LaunchScreen.xib;
			sourceTree = "<group>";
		};
/* End PBXVariantGroup section */

/* Begin XCBuildConfiguration section */
		C83F469A1A0EF27200897EB3 /* Debug */ = {
			isa = XCBuildConfiguration;
			buildSettings = {
				ALWAYS_SEARCH_USER_PATHS = NO;
				CLANG_CXX_LANGUAGE_STANDARD = "gnu++0x";
				CLANG_CXX_LIBRARY = "libc++";
				CLANG_ENABLE_MODULES = YES;
				CLANG_ENABLE_OBJC_ARC = YES;
				CLANG_WARN_BOOL_CONVERSION = YES;
				CLANG_WARN_CONSTANT_CONVERSION = YES;
				CLANG_WARN_DIRECT_OBJC_ISA_USAGE = YES_ERROR;
				CLANG_WARN_EMPTY_BODY = YES;
				CLANG_WARN_ENUM_CONVERSION = YES;
				CLANG_WARN_INT_CONVERSION = YES;
				CLANG_WARN_OBJC_ROOT_CLASS = YES_ERROR;
				CLANG_WARN_UNREACHABLE_CODE = YES;
				CLANG_WARN__DUPLICATE_METHOD_MATCH = YES;
				"CODE_SIGN_IDENTITY[sdk=iphoneos*]" = "iPhone Developer";
				COPY_PHASE_STRIP = NO;
				ENABLE_STRICT_OBJC_MSGSEND = YES;
				GCC_C_LANGUAGE_STANDARD = gnu99;
				GCC_DYNAMIC_NO_PIC = NO;
				GCC_OPTIMIZATION_LEVEL = 0;
				GCC_PREPROCESSOR_DEFINITIONS = (
					"DEBUG=1",
					"$(inherited)",
				);
				GCC_SYMBOLS_PRIVATE_EXTERN = NO;
				GCC_WARN_64_TO_32_BIT_CONVERSION = YES;
				GCC_WARN_ABOUT_RETURN_TYPE = YES_ERROR;
				GCC_WARN_UNDECLARED_SELECTOR = YES;
				GCC_WARN_UNINITIALIZED_AUTOS = YES_AGGRESSIVE;
				GCC_WARN_UNUSED_FUNCTION = YES;
				GCC_WARN_UNUSED_VARIABLE = YES;
				IPHONEOS_DEPLOYMENT_TARGET = 8.1;
				MTL_ENABLE_DEBUG_INFO = YES;
				ONLY_ACTIVE_ARCH = YES;
				SDKROOT = iphoneos;
				TARGETED_DEVICE_FAMILY = "1,2";
			};
			name = Debug;
		};
		C83F469B1A0EF27200897EB3 /* Release */ = {
			isa = XCBuildConfiguration;
			buildSettings = {
				ALWAYS_SEARCH_USER_PATHS = NO;
				CLANG_CXX_LANGUAGE_STANDARD = "gnu++0x";
				CLANG_CXX_LIBRARY = "libc++";
				CLANG_ENABLE_MODULES = YES;
				CLANG_ENABLE_OBJC_ARC = YES;
				CLANG_WARN_BOOL_CONVERSION = YES;
				CLANG_WARN_CONSTANT_CONVERSION = YES;
				CLANG_WARN_DIRECT_OBJC_ISA_USAGE = YES_ERROR;
				CLANG_WARN_EMPTY_BODY = YES;
				CLANG_WARN_ENUM_CONVERSION = YES;
				CLANG_WARN_INT_CONVERSION = YES;
				CLANG_WARN_OBJC_ROOT_CLASS = YES_ERROR;
				CLANG_WARN_UNREACHABLE_CODE = YES;
				CLANG_WARN__DUPLICATE_METHOD_MATCH = YES;
				"CODE_SIGN_IDENTITY[sdk=iphoneos*]" = "iPhone Developer";
				COPY_PHASE_STRIP = YES;
				ENABLE_NS_ASSERTIONS = NO;
				ENABLE_STRICT_OBJC_MSGSEND = YES;
				GCC_C_LANGUAGE_STANDARD = gnu99;
				GCC_WARN_64_TO_32_BIT_CONVERSION = YES;
				GCC_WARN_ABOUT_RETURN_TYPE = YES_ERROR;
				GCC_WARN_UNDECLARED_SELECTOR = YES;
				GCC_WARN_UNINITIALIZED_AUTOS = YES_AGGRESSIVE;
				GCC_WARN_UNUSED_FUNCTION = YES;
				GCC_WARN_UNUSED_VARIABLE = YES;
				IPHONEOS_DEPLOYMENT_TARGET = 8.1;
				MTL_ENABLE_DEBUG_INFO = NO;
				SDKROOT = iphoneos;
				TARGETED_DEVICE_FAMILY = "1,2";
				VALIDATE_PRODUCT = YES;
			};
			name = Release;
		};
		C83F469D1A0EF27200897EB3 /* Debug */ = {
			isa = XCBuildConfiguration;
			buildSettings = {
				ASSETCATALOG_COMPILER_APPICON_NAME = AppIcon;
				INFOPLIST_FILE = iTap/Info.plist;
				LD_RUNPATH_SEARCH_PATHS = "$(inherited) @executable_path/Frameworks";
				PRODUCT_NAME = "$(TARGET_NAME)";
			};
			name = Debug;
		};
		C83F469E1A0EF27200897EB3 /* Release */ = {
			isa = XCBuildConfiguration;
			buildSettings = {
				ASSETCATALOG_COMPILER_APPICON_NAME = AppIcon;
				INFOPLIST_FILE = iTap/Info.plist;
				LD_RUNPATH_SEARCH_PATHS = "$(inherited) @executable_path/Frameworks";
				PRODUCT_NAME = "$(TARGET_NAME)";
			};
			name = Release;
		};
		C83F46A01A0EF27200897EB3 /* Debug */ = {
			isa = XCBuildConfiguration;
			buildSettings = {
				BUNDLE_LOADER = "$(TEST_HOST)";
				FRAMEWORK_SEARCH_PATHS = (
					"$(SDKROOT)/Developer/Library/Frameworks",
					"$(inherited)",
				);
				GCC_PREPROCESSOR_DEFINITIONS = (
					"DEBUG=1",
					"$(inherited)",
				);
				INFOPLIST_FILE = iTapTests/Info.plist;
				LD_RUNPATH_SEARCH_PATHS = "$(inherited) @executable_path/Frameworks @loader_path/Frameworks";
				PRODUCT_NAME = "$(TARGET_NAME)";
				TEST_HOST = "$(BUILT_PRODUCTS_DIR)/iTap.app/iTap";
			};
			name = Debug;
		};
		C83F46A11A0EF27200897EB3 /* Release */ = {
			isa = XCBuildConfiguration;
			buildSettings = {
				BUNDLE_LOADER = "$(TEST_HOST)";
				FRAMEWORK_SEARCH_PATHS = (
					"$(SDKROOT)/Developer/Library/Frameworks",
					"$(inherited)",
				);
				INFOPLIST_FILE = iTapTests/Info.plist;
				LD_RUNPATH_SEARCH_PATHS = "$(inherited) @executable_path/Frameworks @loader_path/Frameworks";
				PRODUCT_NAME = "$(TARGET_NAME)";
				TEST_HOST = "$(BUILT_PRODUCTS_DIR)/iTap.app/iTap";
			};
			name = Release;
		};
/* End XCBuildConfiguration section */

/* Begin XCConfigurationList section */
		C83F46741A0EF27200897EB3 /* Build configuration list for PBXProject "iTap" */ = {
			isa = XCConfigurationList;
			buildConfigurations = (
				C83F469A1A0EF27200897EB3 /* Debug */,
				C83F469B1A0EF27200897EB3 /* Release */,
			);
			defaultConfigurationIsVisible = 0;
			defaultConfigurationName = Release;
		};
		C83F469C1A0EF27200897EB3 /* Build configuration list for PBXNativeTarget "iTap" */ = {
			isa = XCConfigurationList;
			buildConfigurations = (
				C83F469D1A0EF27200897EB3 /* Debug */,
				C83F469E1A0EF27200897EB3 /* Release */,
			);
			defaultConfigurationIsVisible = 0;
			defaultConfigurationName = Release;
		};
		C83F469F1A0EF27200897EB3 /* Build configuration list for PBXNativeTarget "iTapTests" */ = {
			isa = XCConfigurationList;
			buildConfigurations = (
				C83F46A01A0EF27200897EB3 /* Debug */,
				C83F46A11A0EF27200897EB3 /* Release */,
			);
			defaultConfigurationIsVisible = 0;
			defaultConfigurationName = Release;
		};
/* End XCConfigurationList section */
	};
	rootObject = C83F46711A0EF27200897EB3 /* Project object */;
}
